
Microsoft Visual Studio Solution File, Format Version 12.00
Project("{FAE04EC0-301F-11D3-BF4B-00C04F79EFBC}") = "MauiAotTest", "MauiAotTest.csproj", "{ECC53B66-C921-4A34-A02D-0858FDF1F12B}"
EndProject
Global
	GlobalSection(SolutionConfigurationPlatforms) = preSolution
		Debug|Any CPU = Debug|Any CPU
		Release|Any CPU = Release|Any CPU
	EndGlobalSection
	GlobalSection(ProjectConfigurationPlatforms) = postSolution
		{ECC53B66-C921-4A34-A02D-0858FDF1F12B}.Debug|Any CPU.ActiveCfg = Debug|Any CPU
		{ECC53B66-C921-4A34-A02D-0858FDF1F12B}.Debug|Any CPU.Build.0 = Debug|Any CPU
		{ECC53B66-C921-4A34-A02D-0858FDF1F12B}.Release|Any CPU.ActiveCfg = Release|Any CPU
		{ECC53B66-C921-4A34-A02D-0858FDF1F12B}.Release|Any CPU.Build.0 = Release|Any CPU
		{ECC53B66-C921-4A34-A02D-0858FDF1F12B}.Release|Any CPU.Deploy.0 = Release|Any CPU
	EndGlobalSection
EndGlobal
